
Microsoft Visual Studio Solution File, Format Version 12.00
# Visual Studio Version 17
VisualStudioVersion = 17.14.37027.9 d17.14
MinimumVisualStudioVersion = 10.0.40219.1
Project("{FAE04EC0-301F-11D3-BF4B-00C04F79EFBC}") = "EcommerceProject", "EcommerceProject\EcommerceProject.csproj", "{2B601DCE-964B-4998-A82E-1BC2D7022009}"
EndProject
Global
	GlobalSection(SolutionConfigurationPlatforms) = preSolution
		Debug|Any CPU = Debug|Any CPU
		Release|Any CPU = Release|Any CPU
	EndGlobalSection
	GlobalSection(ProjectConfigurationPlatforms) = postSolution
		{2B601DCE-964B-4998-A82E-1BC2D7022009}.Debug|Any CPU.ActiveCfg = Debug|Any CPU
		{2B601DCE-964B-4998-A82E-1BC2D7022009}.Debug|Any CPU.Build.0 = Debug|Any CPU
		{2B601DCE-964B-4998-A82E-1BC2D7022009}.Release|Any CPU.ActiveCfg = Release|Any CPU
		{2B601DCE-964B-4998-A82E-1BC2D7022009}.Release|Any CPU.Build.0 = Release|Any CPU
	EndGlobalSection
	GlobalSection(SolutionProperties) = preSolution
		HideSolutionNode = FALSE
	EndGlobalSection
	GlobalSection(ExtensibilityGlobals) = postSolution
		SolutionGuid = {A9E93CE2-4F84-4489-8679-3C73627115E3}
	EndGlobalSection
EndGlobal
